
Microsoft Visual Studio Solution File, Format Version 12.00
# Visual Studio 2013
VisualStudioVersion = 12.0.21005.1
MinimumVisualStudioVersion = 10.0.40219.1
Project("{FAE04EC0-301F-11D3-BF4B-00C04F79EFBC}") = "01. Shapes", "01. Shapes\01. Shapes.csproj", "{09B5CABF-BB49-4BD1-8EE8-FB9274E2F572}"
EndProject
Project("{FAE04EC0-301F-11D3-BF4B-00C04F79EFBC}") = "02. BankAccounts", "02. BankAccounts\02. BankAccounts.csproj", "{8266D004-CA25-4D18-AD39-30DDC2F37256}"
EndProject
Project("{FAE04EC0-301F-11D3-BF4B-00C04F79EFBC}") = "03. RangeExceptions", "03. RangeExceptions\03. RangeExceptions.csproj", "{DBB33D47-0D33-424C-A89E-FCFFCC9F5F6A}"
EndProject
Global
	GlobalSection(SolutionConfigurationPlatforms) = preSolution
		Debug|Any CPU = Debug|Any CPU
		Release|Any CPU = Release|Any CPU
	EndGlobalSection
	GlobalSection(ProjectConfigurationPlatforms) = postSolution
		{09B5CABF-BB49-4BD1-8EE8-FB9274E2F572}.Debug|Any CPU.ActiveCfg = Debug|Any CPU
		{09B5CABF-BB49-4BD1-8EE8-FB9274E2F572}.Debug|Any CPU.Build.0 = Debug|Any CPU
		{09B5CABF-BB49-4BD1-8EE8-FB9274E2F572}.Release|Any CPU.ActiveCfg = Release|Any CPU
		{09B5CABF-BB49-4BD1-8EE8-FB9274E2F572}.Release|Any CPU.Build.0 = Release|Any CPU
		{8266D004-CA25-4D18-AD39-30DDC2F37256}.Debug|Any CPU.ActiveCfg = Debug|Any CPU
		{8266D004-CA25-4D18-AD39-30DDC2F37256}.Debug|Any CPU.Build.0 = Debug|Any CPU
		{8266D004-CA25-4D18-AD39-30DDC2F37256}.Release|Any CPU.ActiveCfg = Release|Any CPU
		{8266D004-CA25-4D18-AD39-30DDC2F37256}.Release|Any CPU.Build.0 = Release|Any CPU
		{DBB33D47-0D33-424C-A89E-FCFFCC9F5F6A}.Debug|Any CPU.ActiveCfg = Debug|Any CPU
		{DBB33D47-0D33-424C-A89E-FCFFCC9F5F6A}.Debug|Any CPU.Build.0 = Debug|Any CPU
		{DBB33D47-0D33-424C-A89E-FCFFCC9F5F6A}.Release|Any CPU.ActiveCfg = Release|Any CPU
		{DBB33D47-0D33-424C-A89E-FCFFCC9F5F6A}.Release|Any CPU.Build.0 = Release|Any CPU
	EndGlobalSection
	GlobalSection(SolutionProperties) = preSolution
		HideSolutionNode = FALSE
	EndGlobalSection
EndGlobal
